
Microsoft Visual Studio Solution File, Format Version 12.00
# Visual Studio Version 16
VisualStudioVersion = 16.0.30523.141
MinimumVisualStudioVersion = 10.0.40219.1
Project("{8BC9CEB8-8B4A-11D0-8D11-00A0C91BC942}") = "CP template C++ Visual Studio", "CP template C++ Visual Studio.vcxproj", "{F45E687B-4748-464A-A185-BF25006A4DE0}"
EndProject
Global
	GlobalSection(SolutionConfigurationPlatforms) = preSolution
		Debug|x64 = Debug|x64
		Debug|x86 = Debug|x86
		Release|x64 = Release|x64
		Release|x86 = Release|x86
	EndGlobalSection
	GlobalSection(ProjectConfigurationPlatforms) = postSolution
		{F45E687B-4748-464A-A185-BF25006A4DE0}.Debug|x64.ActiveCfg = Debug|x64
		{F45E687B-4748-464A-A185-BF25006A4DE0}.Debug|x64.Build.0 = Debug|x64
		{F45E687B-4748-464A-A185-BF25006A4DE0}.Debug|x86.ActiveCfg = Debug|Win32
		{F45E687B-4748-464A-A185-BF25006A4DE0}.Debug|x86.Build.0 = Debug|Win32
		{F45E687B-4748-464A-A185-BF25006A4DE0}.Release|x64.ActiveCfg = Release|x64
		{F45E687B-4748-464A-A185-BF25006A4DE0}.Release|x64.Build.0 = Release|x64
		{F45E687B-4748-464A-A185-BF25006A4DE0}.Release|x86.ActiveCfg = Release|Win32
		{F45E687B-4748-464A-A185-BF25006A4DE0}.Release|x86.Build.0 = Release|Win32
	EndGlobalSection
	GlobalSection(SolutionProperties) = preSolution
		HideSolutionNode = FALSE
	EndGlobalSection
	GlobalSection(ExtensibilityGlobals) = postSolution
		SolutionGuid = {30F08F20-2678-4B41-B486-281F72C9A42E}
	EndGlobalSection
EndGlobal
